
Microsoft Visual Studio Solution File, Format Version 12.00
# Visual Studio Version 17
VisualStudioVersion = 17.14.36127.28 d17.14
MinimumVisualStudioVersion = 10.0.40219.1
Project("{FAE04EC0-301F-11D3-BF4B-00C04F79EFBC}") = "DataAnnotationsValidator.Tests", "DataAnnotationsValidator.Tests\DataAnnotationsValidator.Tests.csproj", "{019E325C-9923-4643-8834-1A301F148093}"
EndProject
Project("{FAE04EC0-301F-11D3-BF4B-00C04F79EFBC}") = "DataAnnotationsValidator", "DataAnnotationsValidator\DataAnnotationsValidator.csproj", "{218B0C2C-19AD-4C7B-B583-840FF755A76D}"
EndProject
Project("{2150E333-8FDC-42A3-9474-1A3956D46DE8}") = "SolutionItems", "SolutionItems", "{01E8FDFE-435E-4F24-AD27-D4DAA621523B}"
	ProjectSection(SolutionItems) = preProject
		DataAnnotationsValidatorRecursive.snk = DataAnnotationsValidatorRecursive.snk
	EndProjectSection
EndProject
Global
	GlobalSection(SolutionConfigurationPlatforms) = preSolution
		Debug|Any CPU = Debug|Any CPU
		Release|Any CPU = Release|Any CPU
	EndGlobalSection
	GlobalSection(ProjectConfigurationPlatforms) = postSolution
		{019E325C-9923-4643-8834-1A301F148093}.Debug|Any CPU.ActiveCfg = Debug|Any CPU
		{019E325C-9923-4643-8834-1A301F148093}.Debug|Any CPU.Build.0 = Debug|Any CPU
		{019E325C-9923-4643-8834-1A301F148093}.Release|Any CPU.ActiveCfg = Release|Any CPU
		{019E325C-9923-4643-8834-1A301F148093}.Release|Any CPU.Build.0 = Release|Any CPU
		{218B0C2C-19AD-4C7B-B583-840FF755A76D}.Debug|Any CPU.ActiveCfg = Debug|Any CPU
		{218B0C2C-19AD-4C7B-B583-840FF755A76D}.Debug|Any CPU.Build.0 = Debug|Any CPU
		{218B0C2C-19AD-4C7B-B583-840FF755A76D}.Release|Any CPU.ActiveCfg = Release|Any CPU
		{218B0C2C-19AD-4C7B-B583-840FF755A76D}.Release|Any CPU.Build.0 = Release|Any CPU
	EndGlobalSection
	GlobalSection(SolutionProperties) = preSolution
		HideSolutionNode = FALSE
	EndGlobalSection
EndGlobal
